
Microsoft Visual Studio Solution File, Format Version 12.00
# Visual Studio Version 17
VisualStudioVersion = 17.5.33516.290
MinimumVisualStudioVersion = 10.0.40219.1
Project("{2150E333-8FDC-42A3-9474-1A3956D46DE8}") = "MicroServices", "MicroServices", "{E5F87912-CAC7-421E-A312-5FEE49571855}"
EndProject
Project("{2150E333-8FDC-42A3-9474-1A3956D46DE8}") = "Domain", "Domain", "{CB0B2912-C7B6-4C0D-9F05-58BC82708236}"
EndProject
Project("{2150E333-8FDC-42A3-9474-1A3956D46DE8}") = "Infra.Bus", "Infra.Bus", "{FF354523-F397-4DDE-A8EB-83D7B85EAC2D}"
EndProject
Project("{2150E333-8FDC-42A3-9474-1A3956D46DE8}") = "Infra.IOC", "Infra.IOC", "{B0F8029F-EAAE-4633-8EEB-1DE052CEAD2B}"
EndProject
Project("{2150E333-8FDC-42A3-9474-1A3956D46DE8}") = "Presentation", "Presentation", "{F4282B52-AC3C-43C2-8BAC-B51313FB05CA}"
EndProject
Project("{FAE04EC0-301F-11D3-BF4B-00C04F79EFBC}") = "MicroRabbitMQ.Domain.Core", "MicroRabbitMQ.Domain.Core\MicroRabbitMQ.Domain.Core.csproj", "{718E5774-4604-4FD3-8A5D-D6F89059913B}"
EndProject
Project("{FAE04EC0-301F-11D3-BF4B-00C04F79EFBC}") = "MicroRabbit.Infra.Bus", "MicroRabbit.Infra.Bus\MicroRabbit.Infra.Bus.csproj", "{1E4A7C83-5C8C-49D3-A49E-0E27FA116AAC}"
EndProject
Project("{FAE04EC0-301F-11D3-BF4B-00C04F79EFBC}") = "MicroRabbit.Infra.IoC", "MicroRabbit.Infra.IoC\MicroRabbit.Infra.IoC.csproj", "{DA0C595C-177D-4639-82D3-3AABDFD8CBB5}"
EndProject
Project("{2150E333-8FDC-42A3-9474-1A3956D46DE8}") = "Banking", "Banking", "{9D632ECC-B74A-4D13-8AB6-53DC29EF1FFA}"
EndProject
Project("{2150E333-8FDC-42A3-9474-1A3956D46DE8}") = "Api", "Api", "{6EC7DFFC-C8FB-492A-A0FC-51FCF1739D26}"
EndProject
Project("{2150E333-8FDC-42A3-9474-1A3956D46DE8}") = "Application", "Application", "{D6A094C6-D3DC-4117-8982-127534A8A9DF}"
EndProject
Project("{2150E333-8FDC-42A3-9474-1A3956D46DE8}") = "Domain", "Domain", "{F3ABA4F2-0DF4-4D36-94FD-BFB33C056A01}"
EndProject
Project("{2150E333-8FDC-42A3-9474-1A3956D46DE8}") = "Data", "Data", "{0DD15E1E-1437-491B-9ED2-89D361825400}"
EndProject
Project("{FAE04EC0-301F-11D3-BF4B-00C04F79EFBC}") = "MicroRabbit.Banking.Application", "MicroRabbit.Banking.Application\MicroRabbit.Banking.Application.csproj", "{ECAEBCFF-19C5-42B3-BC1E-34818E3605D4}"
EndProject
Project("{FAE04EC0-301F-11D3-BF4B-00C04F79EFBC}") = "MicroRabbit.Banking.Data", "MicroRabbit.Banking.Data\MicroRabbit.Banking.Data.csproj", "{F4D7826B-8E48-45FA-A391-A39BDB9DBDC5}"
EndProject
Project("{FAE04EC0-301F-11D3-BF4B-00C04F79EFBC}") = "MicroRabbit.Banking.Domain", "MicroRabbit.Banking.Domain\MicroRabbit.Banking.Domain.csproj", "{17ED4B92-3027-4E49-B33E-46647EEF0185}"
EndProject
Project("{FAE04EC0-301F-11D3-BF4B-00C04F79EFBC}") = "MicroRabbit.Banking.Api", "MicroRabbit.Banking.Api\MicroRabbit.Banking.Api.csproj", "{97592CCE-0EEF-4414-858B-33DC25D60F46}"
EndProject
Project("{2150E333-8FDC-42A3-9474-1A3956D46DE8}") = "Transfer", "Transfer", "{EB3FB195-11A7-4FE3-8DD9-7CDD9FFC90D4}"
EndProject
Project("{2150E333-8FDC-42A3-9474-1A3956D46DE8}") = "Api", "Api", "{B39D0E45-9307-4D41-A942-915B01D67ED6}"
EndProject
Project("{2150E333-8FDC-42A3-9474-1A3956D46DE8}") = "Application", "Application", "{D9943EA0-DBBD-486C-AE35-86C67FDE951D}"
EndProject
Project("{2150E333-8FDC-42A3-9474-1A3956D46DE8}") = "Data", "Data", "{A3695E13-8441-42D4-BFFC-B283384A3E48}"
EndProject
Project("{2150E333-8FDC-42A3-9474-1A3956D46DE8}") = "Domain", "Domain", "{EAFFF64F-8E91-4CBB-9FDB-3938325CF396}"
EndProject
Project("{FAE04EC0-301F-11D3-BF4B-00C04F79EFBC}") = "MicroRabbit.Transfer.API", "MicroRabbit.Transfer.API\MicroRabbit.Transfer.API.csproj", "{2F07A9DC-4024-4682-BBC5-13D608CD4BC1}"
EndProject
Project("{FAE04EC0-301F-11D3-BF4B-00C04F79EFBC}") = "MicroRabbit.Transfer.Application", "MicroRabbit.Transfer.Application\MicroRabbit.Transfer.Application.csproj", "{E767EC22-0B8F-4A90-874E-3FABC0FFB92E}"
EndProject
Project("{FAE04EC0-301F-11D3-BF4B-00C04F79EFBC}") = "MicroRabbit.Transfer.Data", "MicroRabbit.Transfer.Data\MicroRabbit.Transfer.Data.csproj", "{EB59AB4B-423D-4CC8-83C8-A707EF32C378}"
EndProject
Project("{FAE04EC0-301F-11D3-BF4B-00C04F79EFBC}") = "MicroRabbit.Transfer.Domain", "MicroRabbit.Transfer.Domain\MicroRabbit.Transfer.Domain.csproj", "{67564BE2-350A-4C0B-B44C-4D10A93C108A}"
EndProject
Project("{FAE04EC0-301F-11D3-BF4B-00C04F79EFBC}") = "MicroRabbit.MVC", "MicroRabbit.MVC\MicroRabbit.MVC.csproj", "{A6D80579-EE37-4D1C-A0D6-6A74CF4FD67B}"
EndProject
Global
	GlobalSection(SolutionConfigurationPlatforms) = preSolution
		Debug|Any CPU = Debug|Any CPU
		Release|Any CPU = Release|Any CPU
	EndGlobalSection
	GlobalSection(ProjectConfigurationPlatforms) = postSolution
		{718E5774-4604-4FD3-8A5D-D6F89059913B}.Debug|Any CPU.ActiveCfg = Debug|Any CPU
		{718E5774-4604-4FD3-8A5D-D6F89059913B}.Debug|Any CPU.Build.0 = Debug|Any CPU
		{718E5774-4604-4FD3-8A5D-D6F89059913B}.Release|Any CPU.ActiveCfg = Release|Any CPU
		{718E5774-4604-4FD3-8A5D-D6F89059913B}.Release|Any CPU.Build.0 = Release|Any CPU
		{1E4A7C83-5C8C-49D3-A49E-0E27FA116AAC}.Debug|Any CPU.ActiveCfg = Debug|Any CPU
		{1E4A7C83-5C8C-49D3-A49E-0E27FA116AAC}.Debug|Any CPU.Build.0 = Debug|Any CPU
		{1E4A7C83-5C8C-49D3-A49E-0E27FA116AAC}.Release|Any CPU.ActiveCfg = Release|Any CPU
		{1E4A7C83-5C8C-49D3-A49E-0E27FA116AAC}.Release|Any CPU.Build.0 = Release|Any CPU
		{DA0C595C-177D-4639-82D3-3AABDFD8CBB5}.Debug|Any CPU.ActiveCfg = Debug|Any CPU
		{DA0C595C-177D-4639-82D3-3AABDFD8CBB5}.Debug|Any CPU.Build.0 = Debug|Any CPU
		{DA0C595C-177D-4639-82D3-3AABDFD8CBB5}.Release|Any CPU.ActiveCfg = Release|Any CPU
		{DA0C595C-177D-4639-82D3-3AABDFD8CBB5}.Release|Any CPU.Build.0 = Release|Any CPU
		{ECAEBCFF-19C5-42B3-BC1E-34818E3605D4}.Debug|Any CPU.ActiveCfg = Debug|Any CPU
		{ECAEBCFF-19C5-42B3-BC1E-34818E3605D4}.Debug|Any CPU.Build.0 = Debug|Any CPU
		{ECAEBCFF-19C5-42B3-BC1E-34818E3605D4}.Release|Any CPU.ActiveCfg = Release|Any CPU
		{ECAEBCFF-19C5-42B3-BC1E-34818E3605D4}.Release|Any CPU.Build.0 = Release|Any CPU
		{F4D7826B-8E48-45FA-A391-A39BDB9DBDC5}.Debug|Any CPU.ActiveCfg = Debug|Any CPU
		{F4D7826B-8E48-45FA-A391-A39BDB9DBDC5}.Debug|Any CPU.Build.0 = Debug|Any CPU
		{F4D7826B-8E48-45FA-A391-A39BDB9DBDC5}.Release|Any CPU.ActiveCfg = Release|Any CPU
		{F4D7826B-8E48-45FA-A391-A39BDB9DBDC5}.Release|Any CPU.Build.0 = Release|Any CPU
		{17ED4B92-3027-4E49-B33E-46647EEF0185}.Debug|Any CPU.ActiveCfg = Debug|Any CPU
		{17ED4B92-3027-4E49-B33E-46647EEF0185}.Debug|Any CPU.Build.0 = Debug|Any CPU
		{17ED4B92-3027-4E49-B33E-46647EEF0185}.Release|Any CPU.ActiveCfg = Release|Any CPU
		{17ED4B92-3027-4E49-B33E-46647EEF0185}.Release|Any CPU.Build.0 = Release|Any CPU
		{97592CCE-0EEF-4414-858B-33DC25D60F46}.Debug|Any CPU.ActiveCfg = Debug|Any CPU
		{97592CCE-0EEF-4414-858B-33DC25D60F46}.Debug|Any CPU.Build.0 = Debug|Any CPU
		{97592CCE-0EEF-4414-858B-33DC25D60F46}.Release|Any CPU.ActiveCfg = Release|Any CPU
		{97592CCE-0EEF-4414-858B-33DC25D60F46}.Release|Any CPU.Build.0 = Release|Any CPU
		{2F07A9DC-4024-4682-BBC5-13D608CD4BC1}.Debug|Any CPU.ActiveCfg = Debug|Any CPU
		{2F07A9DC-4024-4682-BBC5-13D608CD4BC1}.Debug|Any CPU.Build.0 = Debug|Any CPU
		{2F07A9DC-4024-4682-BBC5-13D608CD4BC1}.Release|Any CPU.ActiveCfg = Release|Any CPU
		{2F07A9DC-4024-4682-BBC5-13D608CD4BC1}.Release|Any CPU.Build.0 = Release|Any CPU
		{E767EC22-0B8F-4A90-874E-3FABC0FFB92E}.Debug|Any CPU.ActiveCfg = Debug|Any CPU
		{E767EC22-0B8F-4A90-874E-3FABC0FFB92E}.Debug|Any CPU.Build.0 = Debug|Any CPU
		{E767EC22-0B8F-4A90-874E-3FABC0FFB92E}.Release|Any CPU.ActiveCfg = Release|Any CPU
		{E767EC22-0B8F-4A90-874E-3FABC0FFB92E}.Release|Any CPU.Build.0 = Release|Any CPU
		{EB59AB4B-423D-4CC8-83C8-A707EF32C378}.Debug|Any CPU.ActiveCfg = Debug|Any CPU
		{EB59AB4B-423D-4CC8-83C8-A707EF32C378}.Debug|Any CPU.Build.0 = Debug|Any CPU
		{EB59AB4B-423D-4CC8-83C8-A707EF32C378}.Release|Any CPU.ActiveCfg = Release|Any CPU
		{EB59AB4B-423D-4CC8-83C8-A707EF32C378}.Release|Any CPU.Build.0 = Release|Any CPU
		{67564BE2-350A-4C0B-B44C-4D10A93C108A}.Debug|Any CPU.ActiveCfg = Debug|Any CPU
		{67564BE2-350A-4C0B-B44C-4D10A93C108A}.Debug|Any CPU.Build.0 = Debug|Any CPU
		{67564BE2-350A-4C0B-B44C-4D10A93C108A}.Release|Any CPU.ActiveCfg = Release|Any CPU
		{67564BE2-350A-4C0B-B44C-4D10A93C108A}.Release|Any CPU.Build.0 = Release|Any CPU
		{A6D80579-EE37-4D1C-A0D6-6A74CF4FD67B}.Debug|Any CPU.ActiveCfg = Debug|Any CPU
		{A6D80579-EE37-4D1C-A0D6-6A74CF4FD67B}.Debug|Any CPU.Build.0 = Debug|Any CPU
		{A6D80579-EE37-4D1C-A0D6-6A74CF4FD67B}.Release|Any CPU.ActiveCfg = Release|Any CPU
		{A6D80579-EE37-4D1C-A0D6-6A74CF4FD67B}.Release|Any CPU.Build.0 = Release|Any CPU
	EndGlobalSection
	GlobalSection(SolutionProperties) = preSolution
		HideSolutionNode = FALSE
	EndGlobalSection
	GlobalSection(NestedProjects) = preSolution
		{718E5774-4604-4FD3-8A5D-D6F89059913B} = {CB0B2912-C7B6-4C0D-9F05-58BC82708236}
		{1E4A7C83-5C8C-49D3-A49E-0E27FA116AAC} = {FF354523-F397-4DDE-A8EB-83D7B85EAC2D}
		{DA0C595C-177D-4639-82D3-3AABDFD8CBB5} = {B0F8029F-EAAE-4633-8EEB-1DE052CEAD2B}
		{9D632ECC-B74A-4D13-8AB6-53DC29EF1FFA} = {E5F87912-CAC7-421E-A312-5FEE49571855}
		{6EC7DFFC-C8FB-492A-A0FC-51FCF1739D26} = {9D632ECC-B74A-4D13-8AB6-53DC29EF1FFA}
		{D6A094C6-D3DC-4117-8982-127534A8A9DF} = {9D632ECC-B74A-4D13-8AB6-53DC29EF1FFA}
		{F3ABA4F2-0DF4-4D36-94FD-BFB33C056A01} = {9D632ECC-B74A-4D13-8AB6-53DC29EF1FFA}
		{0DD15E1E-1437-491B-9ED2-89D361825400} = {9D632ECC-B74A-4D13-8AB6-53DC29EF1FFA}
		{ECAEBCFF-19C5-42B3-BC1E-34818E3605D4} = {D6A094C6-D3DC-4117-8982-127534A8A9DF}
		{F4D7826B-8E48-45FA-A391-A39BDB9DBDC5} = {0DD15E1E-1437-491B-9ED2-89D361825400}
		{17ED4B92-3027-4E49-B33E-46647EEF0185} = {F3ABA4F2-0DF4-4D36-94FD-BFB33C056A01}
		{97592CCE-0EEF-4414-858B-33DC25D60F46} = {6EC7DFFC-C8FB-492A-A0FC-51FCF1739D26}
		{EB3FB195-11A7-4FE3-8DD9-7CDD9FFC90D4} = {E5F87912-CAC7-421E-A312-5FEE49571855}
		{B39D0E45-9307-4D41-A942-915B01D67ED6} = {EB3FB195-11A7-4FE3-8DD9-7CDD9FFC90D4}
		{D9943EA0-DBBD-486C-AE35-86C67FDE951D} = {EB3FB195-11A7-4FE3-8DD9-7CDD9FFC90D4}
		{A3695E13-8441-42D4-BFFC-B283384A3E48} = {EB3FB195-11A7-4FE3-8DD9-7CDD9FFC90D4}
		{EAFFF64F-8E91-4CBB-9FDB-3938325CF396} = {EB3FB195-11A7-4FE3-8DD9-7CDD9FFC90D4}
		{2F07A9DC-4024-4682-BBC5-13D608CD4BC1} = {B39D0E45-9307-4D41-A942-915B01D67ED6}
		{E767EC22-0B8F-4A90-874E-3FABC0FFB92E} = {D9943EA0-DBBD-486C-AE35-86C67FDE951D}
		{EB59AB4B-423D-4CC8-83C8-A707EF32C378} = {A3695E13-8441-42D4-BFFC-B283384A3E48}
		{67564BE2-350A-4C0B-B44C-4D10A93C108A} = {EAFFF64F-8E91-4CBB-9FDB-3938325CF396}
		{A6D80579-EE37-4D1C-A0D6-6A74CF4FD67B} = {F4282B52-AC3C-43C2-8BAC-B51313FB05CA}
	EndGlobalSection
	GlobalSection(ExtensibilityGlobals) = postSolution
		SolutionGuid = {75FC5738-F52E-421C-B942-175239AF4F88}
	EndGlobalSection
EndGlobal
